Microsoft Visual Studio Solution File, Format Version 11.00
# Visual Studio 2008

Project("{59D7A00A-8353-4037-E57B-C9A4E31BE9BB}") = "UFPS", "Assembly-CSharp.csproj", "{F382651B-F9AC-C6ED-B33C-3C345397377B}"
EndProject
Project("{59D7A00A-8353-4037-E57B-C9A4E31BE9BB}") = "UFPS", "Assembly-CSharp-Editor.csproj", "{AD59FAA2-C3F3-85D2-93CC-3C040FB4AEBB}"
EndProject
Global
	GlobalSection(SolutionConfigurationPlatforms) = preSolution
		Debug|Any CPU = Debug|Any CPU
		Release|Any CPU = Release|Any CPU
	EndGlobalSection
	GlobalSection(ProjectConfigurationPlatforms) = postSolution
		{F382651B-F9AC-C6ED-B33C-3C345397377B}.Debug|Any CPU.ActiveCfg = Debug|Any CPU
		{F382651B-F9AC-C6ED-B33C-3C345397377B}.Debug|Any CPU.Build.0 = Debug|Any CPU
		{F382651B-F9AC-C6ED-B33C-3C345397377B}.Release|Any CPU.ActiveCfg = Release|Any CPU
		{F382651B-F9AC-C6ED-B33C-3C345397377B}.Release|Any CPU.Build.0 = Release|Any CPU
		{AD59FAA2-C3F3-85D2-93CC-3C040FB4AEBB}.Debug|Any CPU.ActiveCfg = Debug|Any CPU
		{AD59FAA2-C3F3-85D2-93CC-3C040FB4AEBB}.Debug|Any CPU.Build.0 = Debug|Any CPU
		{AD59FAA2-C3F3-85D2-93CC-3C040FB4AEBB}.Release|Any CPU.ActiveCfg = Release|Any CPU
		{AD59FAA2-C3F3-85D2-93CC-3C040FB4AEBB}.Release|Any CPU.Build.0 = Release|Any CPU
	EndGlobalSection
	GlobalSection(SolutionProperties) = preSolution
		HideSolutionNode = FALSE
	EndGlobalSection
	GlobalSection(MonoDevelopProperties) = preSolution
		StartupItem = Assembly-CSharp.csproj
	EndGlobalSection
EndGlobal
